(setq el-get-lock-package-versions
      '((emacs-neotree :checksum "5e1271655170f4cdc6849258e383c548a4e6e3d0")
        (company-lsp :checksum "f921ffa0cdc542c21dc3dd85f2c93df4288e83bd")
        (emacs-w3m :checksum "a395147050674ff88f03a6ac354a84ccbdc23f1e")
        (browse-at-remote :checksum "e02ad2189c87da33f80bf4967a968772ce3e4431")
        (ox-hugo :checksum "be7fbd9f164d8937b2628719e21e8e6b4827e638")
        (sticky-control :checksum "25e15e41174725600626b8dc13852aced691bd3b")
        (org-pomodoro :checksum "aa07c11318f91219336197e62c47bc7a3d090479")
        (org-ql :checksum "208e103ecc146db71d878df3bd09c6eb60c2797d")
        (org-super-agenda :checksum "f5e80e4d0da6b2eeda9ba21e021838fa6a495376")
        (ts :checksum "b7ca357a0ed57694e0b25ec1b1ca12e24a4ce541")
        (ov :checksum "c5b9aa4e1b00d702eb2caedd61c69a22a5fa1fab")
        (diminish :checksum "73669b69e5f9a0c9261c5b53624329d0e24d1ed8")
        (open-junk-file :checksum "f87b93ec26e92dc747da43499d0cbf5ab70fd8c2")
        (htmlize :checksum "49205105898ba8993b5253beec55d8bddd820a70")
        (ivy-rich :checksum "600b8183ed0be8668dcc548cc2c8cb94b001363b")
        (emacs-neotree-dev :checksum "98fe21334affaffe2334bf7c987edaf1980d2d0b")
        (color-theme-molokai :checksum "04a44f21184b6a26caae4f2c92db9019d883309c")
        (helm-posframe :checksum "2412e5b3c584c7683982a7e9cfa10a67427f2567")
        (gnuplot-mode :checksum "116cad8e09024223f97e81b0a4503cef20de9bf5")
        (ivy-posframe :checksum "51d753544ea35c035c45420c3075933a2fe83ffd")
        (dumb-jump :checksum "8f70acbe164553b225476fed55019ecddcf0bbd6")
        (ember-mode :checksum "a587c423041b2fcb065fd5b6a03b2899b764e462")
        (font-lock+ :checksum "829cf337e9ec10116f6ec47e759fc72b7a8dda48")
        (emacs-hide-mode-line :checksum "88888825b5b27b300683e662fa3be88d954b1cea")
        (highlight-indent-guides :checksum "cf352c85cd15dd18aa096ba9d9ab9b7ab493e8f6")
        (org-export-blocks-format-plantuml :checksum "9d8b93ae4f30e61ef6dbbf6d24118aa577c501ec")
        (ruby-end :checksum "a136f75abb6d5577ce40d61dfeb778c2e9bb09c0")
        (scratch-log :checksum "1168f7f16d36ca0f4ddf2bb98881f8db62cc5dc0")
        (tempbuf :checksum "5222c25acc2e60539af0f4d30e2e263ec56c43fc")
        (vue-mode :checksum "031edd1f97db6e7d8d6c295c0e6d58dd128b9e71")
        (mmm-mode :checksum "0d00cdf4d02cc166304f6967a20fa22e2eaf208b")
        (ssass-mode :checksum "96f557887ad97a0066a60c54f92b7234b8407016")
        (edit-indirect :checksum "bdc8f542fe8430ba55f9a24a7910639d4c434422")
        (vue-html-mode :checksum "1514939804bad558584feeb6298b38d22eadf64e")
        (emacs-pug-mode :checksum "685fd3414d89736bf232f5d1a6bed9e0353b98fe")
        (zoom :checksum "c7beef180bc4037404e2d56b9ab9b7c76d1713a0")
        (request :checksum "f3a5b4352e9f444ace2a332939abff504b573887")
        (helm :checksum "1da8f466c8d26ef18094f59455dc70e87ff0700f")
        (avy :checksum "e92cb37457b43336b765630dbfbea8ba4be601fa")
        (all-the-icons :checksum "be99987eda1ba3fdc490984b207849689599b858")
        (alert :checksum "7046393272686c7a1a9b3e7f7b1d825d2e5250a6")
        (calfw :checksum "03abce97620a4a7f7ec5f911e669da9031ab9088")
        (closql :checksum "1d5e9cbb69bc2992eaafa1bc084343efbd3e0c4c")
        (company-mode :checksum "5618f28d62cbbdcccdaee1b455fc6e9d1c8bff31")
        (counsel-projectile :checksum "06b03c1080d3ccc3fa9b9c41b1ccbcf13f058e4b")
        (dash :checksum "b9286a84975874b10493f1cb4ea051c501f51273")
        (ddskk :checksum "7a7e1ecaf7f4f68058f1b8831d0b7b839d228614")
        (ddskk-posframe\.el :checksum "299493dd951e5a0b43b8213321e3dc0bac10f762")
        (deferred :checksum "2239671d94b38d92e9b28d4e12fd79814cfb9c16")
        (doom-modeline :checksum "e70da0942707c44f939fe316d922f358b8165ed3")
        (el-get-lock :checksum "df8cfe55441695865a64b97946750b6413a40425")
        (eldoc-eval :checksum "f6e639047d9b3695877e63dd3de8f24e704d6d23")
        (emacs-async :checksum "9a8cd0c3d5c120bfa03187c54dba6e33f6e3ca19")
        (emacsql :checksum "6d8cd9366284b5a27268ff4b783e2c34573d5b60")
        (emojify :checksum "1b726412f19896abf5e4857d4c32220e33400b55")
        (enh-ruby-mode :checksum "e960bf941d9fa9d92eabf7c03a8bbb51ba1ac453")
        (epl :checksum "78ab7a85c08222cd15582a298a364774e3282ce6")
        (esa :checksum "417e0ac55abe9b17e0b7165d0df26bc018aff42e")
        (esqlite :checksum "08a779a821f8d32c1a1985d8d9eb6cf21646ce2e")
        (exec-path-from-shell :checksum "bf4bdc8b8911e7a2c04e624b9a343164c3878282")
        (f :checksum "c4dbf8c8e83df834f5d6f72cd5649b9d8a8812ec")
        (flex-autopair :checksum "4bb757f2556a4a51828e2fed8fb81e31e83052cb")
        (flycheck :checksum "f8c679fff349850c80541a31de50009c3c15d4c9")
        (forge :checksum "37aa4e4b82a99246b3551daee6104dc1d192174a")
        (fringe-helper :checksum "ef4a9c023bae18ec1ddd7265f1f2d6d2e775efdd")
        (ghub :checksum "d6e6b0666104f3896d05d2b03d08d84d9dca096f")
        (git-gutter :checksum "d050abdd7f5a46c9cfbec2953d2fca90095e2857")
        (git-gutter-fringe :checksum "4f19866494fa1debfa319382913e39a153431634")
        (google-this :checksum "8a2e3ca5da6a8c89bfe99a21486c6c7db125dc84")
        (graphql :checksum "e2b309689f4faf9225f290080f836e988c5a576d")
        (haml-mode :checksum "bf5b6c11b1206759d2b28af48765e04882dd1fc4")
        (handlebars-mode :checksum "81f6b73fea8f397807781a1b51568397af21a6ef")
        (helm-ag :checksum "51e164b4bb1a9826fe8b39c0d02b4064c9352b9f")
        (helm-descbinds :checksum "b72515982396b6e336ad7beb6767e95a80fca192")
        (helm-projectile :checksum "58123f14c392021714fc5d23b9f95c7f95ce07f1")
        (hexmode--xml-rpc :checksum "8020ccd176986d8e49e0bb5dd9f4e756cf12eafc")
        (ht :checksum "c4c1be487d6ecb353d07881526db05d7fc90ea87")
        (hydra :checksum "2d553787aca1aceb3e6927e426200e9bb9f056f1")
        (hydra-posframe :checksum "343a269b52d6fb6e5ae6c09d91833ff4620490ec")
        (inf-ruby :checksum "c6990a60c740b2d69495e34e95b29f13014b3cde")
        (init-loader :checksum "10b8d7b12acbd1036e68dfb59f460714baedaa33")
        (japanese-holidays :checksum "324b6bf2f55ec050bef49e001caedaabaf4fa35d")
        (js2-mode :checksum "b891edecedf30be6321e2f109fdfeb25b0edad27")
        (jump :checksum "55caa66a7cc6e0b1a76143fd40eff38416928941")
        (key-chord :checksum "e222bafe89c4ce33c77e5aed4f0f0b37828656e6")
        (lsp-mode :checksum "b5ad23a3232d9e30c8984d88ac67dea3650ac5c2")
        (lsp-ui :checksum "efae00eb6a733d5271cb33e9d92c3d8c2fa98dde")
        (major-mode-hydra\.el :checksum "84c1929a5153be169ca5c36737439d51dffde505")
        (magit :checksum "f883b62fedd42eaabace946336d61457211cc5ff")
        (markdown-mode :checksum "ac9ea26b941eef512a3c206375a6404625c229ed")
        (memoize :checksum "51b075935ca7070f62fae1d69fe0ff7d8fa56fdd")
        (migemo :checksum "f756cba3d5268968da361463c2e29b3a659a3de7")
        (multiple-cursors :checksum "616fbdd3696f99d85660ad57ebbb0c44d6c7f426")
        (ob-async :checksum "de1ea2d20a656c53cf1e682c9604668891ad8986")
        (org-gcal :checksum "4c2616a4f85adc77b91aa054bb10e76b06f706d5")
        (org-tree-slide :checksum "9d2ba1df456d8d7c6372c8c294dbe3ee81540b33")
        (paredit :checksum "8330a41e8188fe18d3fa805bb9aa529f015318e8")
        (pkg-info :checksum "76ba7415480687d05a4353b27fea2ae02b8d9d61")
        (plantuml-mode :checksum "5889166b6cfe94a37532ea27fc8de13be2ebfd02")
        (popup :checksum "866a091b83369873b4d1c5d62a590fbb0a150bd0")
        (posframe :checksum "739d8fd1081bdd0d20dee9e437d64df58747b871")
        (prescient\.el :checksum "ed2b762241bbea03e374dc9dcd4fbe207c6b2ea4")
        (projectile :checksum "513228f473910128efcad13f46dfc22a74976675")
        (projectile-rails :checksum "f1fe6e8eff485dc560e6ffe7f0b9c46a61509a58")
        (rake :checksum "9c204334b03b4e899fadae6e59c20cf105404128")
        (rbenv :checksum "2ea1a5bdc1266caef1dd77700f2c8f42429b03f1")
        (rich-minority :checksum "a03e693f6f9232cf75363aaaf1cb041f21675c19")
        (rspec-mode :checksum "92ef785010f6a68cbf73861e75ac6cf4e1832291")
        (s :checksum "3a5166c81ac9e50eaccf5490c5c632f93452287e")
        (seesaa-blog-mode :checksum "2d30491f95cdeea19970222700ed2bc99e1cc561")
        (shrink-path :checksum "c14882c8599aec79a6e8ef2d06454254bb3e1e41")
        (smart-mode-line :checksum "999be065b195f2eddb4e1b629f99038d832d44b7")
        (spinner :checksum "d15e7a7b6395be69acda9d6464acc81d3e2ad07d")
        (swiper :checksum "99bf708b5fff21c9434c9f5a0336f236066fd002")
        (transient :checksum "162698aa9d40ecafefcb1af7bdf602954d766970")
        (treepy :checksum "3ac940e97f3d03e48ca9d7fcd74916a9b01c72f3")
        (twittering-mode :checksum "114891e8fdb4f06b1326a6cf795e49c205cf9e29")
        (wakatime-mode :checksum "5e6deddda7a70f4b79832e9e8b6636418812e162")
        (websocket :checksum "be99c4636ad72bcea535392d9097c32b98ec0056")
        (with-editor :checksum "ebcbd3b137154e6c5a2b976bacbb89d48ddfa242")
        (yaml-mode :checksum "fc5e1c58f94472944c4aa838f00f6adcac6fa992")
        (yascroll :checksum "b9061340cc15a3ace3ca8c6e54512b481c71acf1")
        (yasnippet :checksum "5cbdbf0d2015540c59ed8ee0fcf4788effdf75b6")
        (zoom-window :checksum "474ca4723517d95356145950b134652d5dc0c7f7")
        (ace-window :checksum "c7cb315c14e36fded5ac4096e158497ae974bec9")
        (pcsv :checksum "798e0933f8d0818beb17aebf3b1056bbf74e03d0")
        (google-translate :checksum "0f7f48a09bca064999ecea03102a7c96f52cbd1b")
        (counsel-osx-app :checksum "b1c54cbc033c4939966910d85ce035503079e108")
        (frame-cmds :checksum "3911fbe2b11b8494a14a4d99e989e7e07b243b69")
        (frame-fns :checksum "251f37fe805af7a8b3e0e5af9af76263f663a366")
        (el-get :checksum "d76ac84ae9670de7bf7725b362cafe86688771f9")
        (dashboard :checksum "9983aa0838ce5a2219ef4b674e6b37de41b5b585")
        (page-break-lines :checksum "3b8549cd414d4d7ee0168ab9917124133566d3db")
        (org-trello :checksum "9c1c94dff1a46631669023286078b887d077c305")
        (undo-fu :checksum "e0ad06b5ef2ac2733dad2ad48e3957b5c36edfa5")
        (emacs-todoist :checksum "b3f003603111b7e31b94c354cf4c83c8208c01c3")
        (org-mode :checksum "66810d2121aa1d936238fc53cc155e6eda425313")))
(setq el-get-lock-locked-packages 'nil)
(setq el-get-lock-unlocked-packages 'nil)
