(setq el-get-lock-package-versions
      '((corfu :checksum "f0f60de5e7f916358feda5f6509d139cbccf20f1")
        (treesit-auto :checksum "4225f2245247585d581bffb09225dcb21d443421")
        (org-mode :checksum "17608670a4f4e8edb91efe04d86fe80ff9d01b69")
        (org-journal :checksum "605a7eb984a95fc6ec122df800632bf56ff59514")
        (company-terraform :checksum "8d5a16d1bbeeb18ca49a8fd57b5d8cd30c8b8dc7")
        (terraform-mode :checksum "e8b57df8c2a3d3171f3768f60eb84067f553289c")
        (hcl-mode :checksum "ec27736c4c16fbf7f1ecab0210ec3c71ac2406fa")
        (jest-test-mode :checksum "a397507d8bb41e4aa6b97994f1d7512e78d3dee3")
        (dockerfile-mode :checksum "52c6c00da1d31c0b6c29c74335b3af63ed6bf06c")
        (origami :checksum "544d64724856c07d023d7403e7096467a555e91e")
        (company-posframe :checksum "18d6641bba72cba3c00018cee737ea8b454f64a8")
        (nerd-icons :checksum "c6a4acf19454b415cba1c43daf4bfca8fccdd9ba")
        (copilot :checksum "5dddc88ca1dc8e51d8bef0d72bd6410a2779e7ba")
        (editorconfig :checksum "4b81a5992858cbf03bcd7ed6ef31e4be0b55a7c1")
        (emacs-sqlite3-api :checksum "a601c9965e4d0178705a64b7d4f88709ca9aea66")
        (org-roam :checksum "8667e441876cd2583fbf7282a65796ea149f0e5f")
        (emacs-openai :checksum "aa023b233ef695980e6d7f3cb362ea75c99f7a60")
        (tblui :checksum "62ab5f62982c061a902fd3e54d94a68a4706572c")
        (magit-popup :checksum "d8585fa39f88956963d877b921322530257ba9f5")
        (keypression :checksum "e85e3fd9ce216a370be221cf9de1503777ef0088")
        (noflet :checksum "7ae84dc3257637af7334101456dafe1759c6b68a")
        (emacs-kibela :checksum "9e831053e69541ba4b5725811fef95e922aff1a5")
        (which-key :checksum "4d20bc852545a2e602f59084a630f888542052b1")
        (company-quickhelp :checksum "5bda859577582cc42d16fc0eaf5f7c8bedfd9e69")
        (graphql-mode :checksum "49a391b5290e3354b07f7b77ded97a154c084f46")
        (json-mode :checksum "a93a0c76784376fbb9105719f25c7489991056a1")
        (json-snatcher :checksum "b28d1c0670636da6db508d03872d96ffddbc10f2")
        (json-reformat :checksum "9120ab67c5379c44bc7a7a07ca858670cea4f32f")
        (orgit :checksum "84bcb5c318f01b9ffc8d5aa18a7c393fe9c714b2")
        (org-contrib :checksum "eaef050f28944638510d133788ddbecb8087feaf")
        (mocha :checksum "6a72fa20e7be6e55c09b1bc9887ee09c5df28e45")
        (pdf-tools :checksum "c69e7656a4678fe25afbd29f3503dd19ee7f9896")
        (tablist :checksum "faab7a035ef2258cc4ea2182f67e3aedab7e2af9")
        (aio :checksum "da93523e235529fa97d6f251319d9e1d6fc24a41")
        (git-messenger :checksum "eade986ef529aa2dac6944ad61b18de55cee0b76")
        (lsp-docker :checksum "60e1103ac7c8e30d036ea65fad489210682d6259")
        (ivy-kibela :checksum "bd48bfa2ba2e655b435cf9acd6f09d835afe9b14")
        (graphql :checksum "67237f284f2dfb94f3cfba672ff64a37e1cb860f")
        (tomelr :checksum "670e0a08f625175fd80137cf69e799619bf8a381")
        (ivy-migemo :checksum "6022b24e72f073a7b5599f2dea611da3a1282378")
        (frame-cmds :checksum "5f845c06f1913ecda33c87b2b36b9e590a6f8870")
        (diminish :checksum "fbd5d846611bad828e336b25d2e131d1bc06b83d")
        (tree-mode :checksum "b06078826d5875d74b0e7b7ac47b0d0917610534")
        (frame-fns :checksum "b675ee568c0133709c2c39a125395486cdf1c610")
        (tempbuf-mode :checksum "17a005da886436090d3812899d553deb7bdbebb2")
        (auto-fix :checksum "783e78f601d0ca42792aff40d6a72434be167900")
        (typescript-mode :checksum "4fcb4594819caf472ae42ea068a1c7795cf07f46")
        (yaml :checksum "70c4fcead97e9bd6594e418c922ae769818f4245")
        (web-mode :checksum "82847071ce93293bdb7945db08d970f13fd883cf")
        (dap-mode :checksum "2f0c5b28578ce65ec746e4084ba72ba5c652ea79")
        (lsp-treemacs :checksum "e54e74deb8150964e3c3024e1ec14295a34e2a3b")
        (treemacs :checksum "df26b6ab9a0f467e5ff99f7ed97551ccf756e06c")
        (pfuture :checksum "19b53aebbc0f2da31de6326c495038901bffb73c")
        (bui :checksum "f3a137628e112a91910fd33c0cff0948fa58d470")
        (smartparens :checksum "0778a8a84064cf2bc3a9857bd0e7a4619cc1e5c3")
        (mocker.el :checksum "e455599f48bad7d73fd445e70a3acf4b44c2f5c1")
        (with-simulated-input :checksum "0f43fe46d4ab098c18a90b9df18cb96bab8e4a35")
        (flycheck-pos-tip :checksum "dc57beac0e59669926ad720c7af38b27c3a30467")
        (pos-tip :checksum "90a9babc829b298af36be695009894fc00a97935")
        (emacs-w3m :checksum "e3b87d61dfef3a9d44872c50db360732ba949d57")
        (browse-at-remote :checksum "76aa27dfd469fcae75ed7031bb73830831aaccbf")
        (ox-hugo :checksum "cb1b6cfd7b080e889352150416c1725f11ba937a")
        (sticky-control :checksum "25e15e41174725600626b8dc13852aced691bd3b")
        (org-pomodoro :checksum "3f5bcfb80d61556d35fc29e5ddb09750df962cc6")
        (org-ql :checksum "8d3c93b8838bd5d5347dd8962b68cc3cabcf0147")
        (org-super-agenda :checksum "ee3379ae92b90c084717fb2a7614060ce12283cb")
        (ts :checksum "552936017cfdec89f7fc20c254ae6b37c3f22c5b")
        (ov :checksum "e2971ad986b6ac441e9849031d34c56c980cf40b")
        (ivy-rich :checksum "aff9b6bd53e0fdcf350ab83c90e64e651b47dba4")
        (emacs-neotree-dev :checksum "2b0cb8285352202c62b1e46a8aa265a5e4f9d966")
        (color-theme-molokai :checksum "cc53e997e7eff93b58ad16a376a292c1dd66044b")
        (gnuplot-mode :checksum "4c6b18f71ff7604e2640033207f5a882ddce78af")
        (ivy-posframe :checksum "533a8e368fcabfd534761a5c685ce713376fa594")
        (dumb-jump :checksum "ede6a04187e79a29ef31d14760ac0d8d4c5f4cc5")
        (ember-mode :checksum "a587c423041b2fcb065fd5b6a03b2899b764e462")
        (emacs-hide-mode-line :checksum "bc5d293576c5e08c29e694078b96a5ed85631942")
        (highlight-indent-guides :checksum "cf352c85cd15dd18aa096ba9d9ab9b7ab493e8f6")
        (scratch-log :checksum "1168f7f16d36ca0f4ddf2bb98881f8db62cc5dc0")
        (vue-mode :checksum "4853d97ea8d7b2fab7d331d3a8aad18d02b792ad")
        (mmm-mode :checksum "96906747e862449b722b6e2c741b61871894ac3a")
        (ssass-mode :checksum "96f557887ad97a0066a60c54f92b7234b8407016")
        (edit-indirect :checksum "82a28d8a85277cfe453af464603ea330eae41c05")
        (vue-html-mode :checksum "1514939804bad558584feeb6298b38d22eadf64e")
        (emacs-pug-mode :checksum "73f8c2f95eba695f701df20c8436f49abadebdc1")
        (zoom :checksum "2104abb074682db79b9ff3a748e8e2e760a4d8cf")
        (request :checksum "01e338c335c07e4407239619e57361944a82cb8a")
        (avy :checksum "be612110cb116a38b8603df367942e2bb3d9bdbe")
        (all-the-icons :checksum "ee414384938ccf2ce93c77d717b85dc5538a257d")
        (alert :checksum "7774b5fd2feb98d4910ff06435d08c19fba93e26")
        (calfw :checksum "03abce97620a4a7f7ec5f911e669da9031ab9088")
        (closql :checksum "dc8cacbafc4d99ac25280c973a754a5ee5dbe2b0")
        (company-mode :checksum "02903bd7088d65a87df0ae0f0d0a7118de147b69")
        (counsel-projectile :checksum "40d1e1d4bb70acb00fddd6f4df9778bf2c52734b")
        (dash :checksum "13f9fcd09d40132e9e1346a69e7b293d835a85f2")
        (ddskk :checksum "8c47f46e38a29a0f3eabcd524268d20573102467")
        (ddskk-posframe.el :checksum "88ca3858dad69ffb19a6aff48111ae4bb67c8980")
        (deferred :checksum "2239671d94b38d92e9b28d4e12fd79814cfb9c16")
        (doom-modeline :checksum "bf880ae56f3f6aab7bd334de9bd9b455c63a24c0")
        (el-get-lock :checksum "df8cfe55441695865a64b97946750b6413a40425")
        (eldoc-eval :checksum "e91800503c90cb75dc70abe42f1d6ae499346cc1")
        (emacs-async :checksum "d040f72cb0be5265d50ac541ddb09ebbc68b7908")
        (emacsql :checksum "5aba772e562f0b22e36e34c9b4c256ffe439654c")
        (emojify :checksum "1b726412f19896abf5e4857d4c32220e33400b55")
        (enh-ruby-mode :checksum "03dee65fc7153e5f98d2dcc294881a5bc38d5d5b")
        (epl :checksum "78ab7a85c08222cd15582a298a364774e3282ce6")
        (esa :checksum "417e0ac55abe9b17e0b7165d0df26bc018aff42e")
        (esqlite :checksum "08a779a821f8d32c1a1985d8d9eb6cf21646ce2e")
        (exec-path-from-shell :checksum "6c10a9d4a38425f2b494013b6bdff91537a6b6da")
        (f :checksum "4f03d7bb724a9049b0ab9ef86127694756f99656")
        (flycheck :checksum "e56e30d8c66ffc9776d07740658d3b542c1a8e21")
        (forge :checksum "c50204185734f1ac0f480323ad542a4bf3348ed5")
        (fringe-helper :checksum "ef4a9c023bae18ec1ddd7265f1f2d6d2e775efdd")
        (ghub :checksum "ba56fe223fbabab89fee577a1d3b0704d7c4a0df")
        (git-gutter :checksum "4cfcc01063b5ee69527c6a78e405d7988740ffa4")
        (git-gutter-fringe :checksum "648cb5b57faec55711803cdc9434e55a733c3eba")
        (google-this :checksum "8a2e3ca5da6a8c89bfe99a21486c6c7db125dc84")
        (haml-mode :checksum "a64d58df8f098f858c6c11fa1629a90969f9c7e8")
        (handlebars-mode :checksum "81f6b73fea8f397807781a1b51568397af21a6ef")
        (ht :checksum "1c49aad1c820c86f7ee35bf9fff8429502f60fef")
        (hydra :checksum "317e1de33086637579a7aeb60f77ed0405bf359b")
        (hydra-posframe :checksum "142a04dd588af6c725e331863c3ca7bd5dda13ec")
        (inf-ruby :checksum "dac615c7fdbb57587465b1c497f8be4c979439e1")
        (init-loader :checksum "ecab5a66b40227c4173992adfa5cfeae09f1657e")
        (japanese-holidays :checksum "324b6bf2f55ec050bef49e001caedaabaf4fa35d")
        (js2-mode :checksum "ca0af32eea0281322a9ce268d98f01fbb88bbb7a")
        (jump :checksum "55caa66a7cc6e0b1a76143fd40eff38416928941")
        (key-chord :checksum "e222bafe89c4ce33c77e5aed4f0f0b37828656e6")
        (lsp-mode :checksum "8105218b383c1a8a209a5f3348956a0b51446d43")
        (lsp-ui :checksum "bc58c6664577d1d79060c6b32b7ad20e70ee19d0")
        (major-mode-hydra.el :checksum "d0a5dadee97c3752fcdef113cf2ba1923972a480")
        (magit :checksum "54d37dc14c3f715dd0328a70bc65d63c54ee9613")
        (markdown-mode :checksum "e096bb97a91fcd4dc2b46d8b6e093194b03b7364")
        (memoize :checksum "51b075935ca7070f62fae1d69fe0ff7d8fa56fdd")
        (migemo :checksum "7d78901773da3b503e5c0d5fa14a53ad6060c97f")
        (multiple-cursors :checksum "234806c832994cadedb42596fe235e91bbd59e8c")
        (ob-async :checksum "9aac486073f5c356ada20e716571be33a350a982")
        (org-gcal :checksum "a2d16b372e5a5972d8cc343cf999ee5f0ba1eea7")
        (pkg-info :checksum "76ba7415480687d05a4353b27fea2ae02b8d9d61")
        (plantuml-mode :checksum "ea45a13707abd2a70df183f1aec6447197fc9ccc")
        (popup :checksum "4d6f6c22a5abf130fe8359171cb9d6b00dc41c0b")
        (posframe :checksum "017deece88360c7297265680d78a0bb316470716")
        (prescient.el :checksum "4b875be52e75f7b81e68a16b62cfbb2f2584042c")
        (projectile :checksum "f7e60843bfada2eee89595580786a4468fd3f881")
        (projectile-rails :checksum "701784df7befe17b861f1b53fe9cbc59d0b94b9f")
        (rake :checksum "452ea0caca33376487103c64177c295ed2960cca")
        (rbenv :checksum "588b817d510737b9d6afd6d1ecddd517d96b78e5")
        (rspec-mode :checksum "29df3d081c6a1cbdf840cd13d45ea1c100c5bbaa")
        (s :checksum "dda84d38fffdaf0c9b12837b504b402af910d01d")
        (shrink-path :checksum "c14882c8599aec79a6e8ef2d06454254bb3e1e41")
        (spinner :checksum "d4647ae87fb0cd24bc9081a3d287c860ff061c21")
        (swiper :checksum "8c30f4cab5948aa8d942a3b2bbf5fb6a94d9441d")
        (transient :checksum "b14f44e91341ca70c21946baf70162dd13a30310")
        (treepy :checksum "75fe3ec37e6f9b2bdfd6d0584efd984d0c00a43e")
        (twittering-mode :checksum "114891e8fdb4f06b1326a6cf795e49c205cf9e29")
        (wakatime-mode :checksum "aa04a5551e782992ddaea890d8547863b0d6ba60")
        (with-editor :checksum "d43db3c58c34d4dbc3ce6f68ec24fecf3452b20e")
        (yaml-mode :checksum "5b58248ab255dff6cfa4c4057a191bc4446ee5b6")
        (yascroll :checksum "40502608333a075fc4f3eb669593f63025a1bf33")
        (yasnippet :checksum "297546f0853a6a51f5b05e954d0c6aea8caa5ec2")
        (zoom-window :checksum "a9b4962e4c47436779d6a250af340b3db3a6ecb3")
        (ace-window :checksum "77115afc1b0b9f633084cf7479c767988106c196")
        (pcsv :checksum "aa421d12c0da0adb9bc74a050a591dcbabf934ae")
        (google-translate :checksum "e60dd6eeb9cdb931d9d8bfbefc29a48ef9a21bd9")
        (el-get :checksum "a5ba5852648a90ee0cde9fb5d72e69497d260eec")
        (dashboard :checksum "c1cd43661ff24c6aea018ce77fc8ccf11e2a561a")
        (page-break-lines :checksum "e8bfd1ab660030679163f5a4913ff24b99095436")
        (org-trello :checksum "fc63ed580101e6160edfb6f43215fb3200ce1ea7")
        (undo-fu :checksum "0e74116fd5c7797811a91ba4eadef50d67523eb6")
        (emacs-todoist :checksum "e756a345d213d93fbb965d1314c4dec62566c653")))
(setq el-get-lock-locked-packages 'nil)
(setq el-get-lock-unlocked-packages 'nil)
