(setq el-get-lock-package-versions
      '((nerd-icons :checksum "aec48fe8e5296fa8367fcdc988ab846651d9e82a")
        (copilot :checksum "1ab40d80b2005d14bffe25d6e7b439607eb79742")
        (json-rpc :checksum "81a5a520072e20d18aeab2aac4d66c046b031e56")
        (editorconfig :checksum "a8b31c925e5cdee4b26b10a43094787937fe441e")
        (emacs-sqlite3-api :checksum "b513b71012f61895f771fc6948d6511ea8ded0a6")
        (org-roam :checksum "5c06471c3a11348342719fd9011486455adeb701")
        (emacs-openai :checksum "6a1d270fcdf89226f22122df930afe17f85d3209")
        (tblui :checksum "bb29323bb3e27093d50cb42db3a9329a096b6e4d")
        (magit-popup :checksum "d8585fa39f88956963d877b921322530257ba9f5")
        (keypression :checksum "9427241f3fa539e4b5ad7581a05eb7e49f2cf518")
        (noflet :checksum "7ae84dc3257637af7334101456dafe1759c6b68a")
        (emacs-kibela :checksum "7d0aade29008f3c8e0d3afb34dbf4febf96883a4")
        (which-key :checksum "bd34ede7bf77ad3988330b37207f3978e7342c79")
        (company-quickhelp :checksum "9505fb09d064581da142d75c139d48b5cf695bd5")
        (graphql-mode :checksum "0ad4ae0160cabad46109dfbb394297a185eb2525")
        (json-mode :checksum "eedb4560034f795a7950fa07016bd4347c368873")
        (json-snatcher :checksum "b28d1c0670636da6db508d03872d96ffddbc10f2")
        (json-reformat :checksum "9120ab67c5379c44bc7a7a07ca858670cea4f32f")
        (orgit :checksum "fc40397f7b36fa513d41f3119b7430cb236de9dd")
        (org-contrib :checksum "223390ea2c2f728ca4bfd1c4a33cac25d003693a")
        (mocha :checksum "6a72fa20e7be6e55c09b1bc9887ee09c5df28e45")
        (pdf-tools :checksum "7ff6293a25baaae65651b3e1c54b61208279a7ef")
        (tablist :checksum "faab7a035ef2258cc4ea2182f67e3aedab7e2af9")
        (aio :checksum "da93523e235529fa97d6f251319d9e1d6fc24a41")
        (git-messenger :checksum "eade986ef529aa2dac6944ad61b18de55cee0b76")
        (lsp-docker :checksum "1fa2fec2cc6c081b81fbb74bd10d10c1d19693ca")
        (ivy-kibela :checksum "834906446a9ff76b2501d9d2656d57fb1c77faad")
        (graphql :checksum "67237f284f2dfb94f3cfba672ff64a37e1cb860f")
        (tomelr :checksum "670e0a08f625175fd80137cf69e799619bf8a381")
        (ivy-migemo :checksum "6022b24e72f073a7b5599f2dea611da3a1282378")
        (frame-cmds :checksum "5f845c06f1913ecda33c87b2b36b9e590a6f8870")
        (diminish :checksum "fbd5d846611bad828e336b25d2e131d1bc06b83d")
        (tree-mode :checksum "b06078826d5875d74b0e7b7ac47b0d0917610534")
        (frame-fns :checksum "b675ee568c0133709c2c39a125395486cdf1c610")
        (tempbuf-mode :checksum "17a005da886436090d3812899d553deb7bdbebb2")
        (auto-fix :checksum "783e78f601d0ca42792aff40d6a72434be167900")
        (typescript-mode :checksum "4fcb4594819caf472ae42ea068a1c7795cf07f46")
        (yaml :checksum "a19fbf948a945571300e5a20ff1dbfa6ecfa0d16")
        (web-mode :checksum "57856ba64b9382811b35df0d9ab0a24aede0c1f0")
        (dap-mode :checksum "24892f9e30aa9645d51b0a15dfebd75861e6c97f")
        (lsp-treemacs :checksum "fbd08a54d232bbae350632e3789f70d68ddcbc15")
        (treemacs :checksum "12193dfa41d73f26386eacaeafd9ffaeee6491bd")
        (pfuture :checksum "19b53aebbc0f2da31de6326c495038901bffb73c")
        (bui :checksum "f3a137628e112a91910fd33c0cff0948fa58d470")
        (smartparens :checksum "1d5cd5e8d46e182b935f8cd3cf29c8c4410aab0a")
        (mocker\.el :checksum "e455599f48bad7d73fd445e70a3acf4b44c2f5c1")
        (with-simulated-input :checksum "0f43fe46d4ab098c18a90b9df18cb96bab8e4a35")
        (flycheck-pos-tip :checksum "dc57beac0e59669926ad720c7af38b27c3a30467")
        (pos-tip :checksum "bfe74204d1201a33ace81898e7c485382817510a")
        (emacs-w3m :checksum "f8819bca0c97970662cd4214f8f3104ab4a376c1")
        (browse-at-remote :checksum "76aa27dfd469fcae75ed7031bb73830831aaccbf")
        (ox-hugo :checksum "9544656589cf4878f5cf501744e36e9ee256c5f7")
        (sticky-control :checksum "25e15e41174725600626b8dc13852aced691bd3b")
        (org-pomodoro :checksum "3f5bcfb80d61556d35fc29e5ddb09750df962cc6")
        (org-ql :checksum "1d98c7d07c6f2af5c84e8358cb6c5db71e8f1006")
        (org-super-agenda :checksum "f4f528985397c833c870967884b013cf91a1da4a")
        (ts :checksum "552936017cfdec89f7fc20c254ae6b37c3f22c5b")
        (ov :checksum "c5b9aa4e1b00d702eb2caedd61c69a22a5fa1fab")
        (ivy-rich :checksum "aff9b6bd53e0fdcf350ab83c90e64e651b47dba4")
        (emacs-neotree-dev :checksum "98fe21334affaffe2334bf7c987edaf1980d2d0b")
        (color-theme-molokai :checksum "cc53e997e7eff93b58ad16a376a292c1dd66044b")
        (gnuplot-mode :checksum "f99effa21f85a4c0963fec6a38e9112a8157d27e")
        (ivy-posframe :checksum "533a8e368fcabfd534761a5c685ce713376fa594")
        (dumb-jump :checksum "0a783d1db610ff1dc4e1b7869589cff16ff92f7a")
        (ember-mode :checksum "a587c423041b2fcb065fd5b6a03b2899b764e462")
        (emacs-hide-mode-line :checksum "bc5d293576c5e08c29e694078b96a5ed85631942")
        (highlight-indent-guides :checksum "cf352c85cd15dd18aa096ba9d9ab9b7ab493e8f6")
        (scratch-log :checksum "1168f7f16d36ca0f4ddf2bb98881f8db62cc5dc0")
        (vue-mode :checksum "031edd1f97db6e7d8d6c295c0e6d58dd128b9e71")
        (mmm-mode :checksum "171bf6395b8a95a2d08d41fa38cc1799025d3916")
        (ssass-mode :checksum "96f557887ad97a0066a60c54f92b7234b8407016")
        (edit-indirect :checksum "f80f63822ffae78de38dbe72cacaeb1aaa96c732")
        (vue-html-mode :checksum "1514939804bad558584feeb6298b38d22eadf64e")
        (emacs-pug-mode :checksum "73f8c2f95eba695f701df20c8436f49abadebdc1")
        (zoom :checksum "2104abb074682db79b9ff3a748e8e2e760a4d8cf")
        (request :checksum "01e338c335c07e4407239619e57361944a82cb8a")
        (avy :checksum "be612110cb116a38b8603df367942e2bb3d9bdbe")
        (all-the-icons :checksum "f75c1130b72c718bfaf18b56c445c4b58efc714f")
        (alert :checksum "c762380ff71c429faf47552a83605b2578656380")
        (calfw :checksum "03abce97620a4a7f7ec5f911e669da9031ab9088")
        (closql :checksum "618c94dba7666e8c55c0094ee21fa0381d3536df")
        (company-mode :checksum "8a78f320019574bc35b5727f95b052b27918da20")
        (counsel-projectile :checksum "40d1e1d4bb70acb00fddd6f4df9778bf2c52734b")
        (dash :checksum "96eaba028ac069ea0e5cc70de15b0229126a054a")
        (ddskk :checksum "98c103ed697e461439401f731c13b3bda02e5128")
        (ddskk-posframe\.el :checksum "299493dd951e5a0b43b8213321e3dc0bac10f762")
        (deferred :checksum "2239671d94b38d92e9b28d4e12fd79814cfb9c16")
        (doom-modeline :checksum "af3274ae5f31947370bbc57661c0f19b5c06ccfc")
        (el-get-lock :checksum "df8cfe55441695865a64b97946750b6413a40425")
        (eldoc-eval :checksum "e91800503c90cb75dc70abe42f1d6ae499346cc1")
        (emacs-async :checksum "34feabe1142863a2c96f75afda1a2ae4aa0813f6")
        (emacsql :checksum "64012261f65fcdd7ea137d1973ef051af1dced42")
        (emojify :checksum "1b726412f19896abf5e4857d4c32220e33400b55")
        (enh-ruby-mode :checksum "7e76d754e1632b4fc9a024fa393c3fc837bcc86b")
        (epl :checksum "78ab7a85c08222cd15582a298a364774e3282ce6")
        (esa :checksum "417e0ac55abe9b17e0b7165d0df26bc018aff42e")
        (esqlite :checksum "08a779a821f8d32c1a1985d8d9eb6cf21646ce2e")
        (exec-path-from-shell :checksum "ddd24dc823de9a94435b4d8ea7569161657f31e2")
        (f :checksum "af7d37c619010b576fd22b50c62c71ff33093f3c")
        (flycheck :checksum "5f2ef177cb21ae8b73714575802beef04abd0f5e")
        (forge :checksum "361a65529965196b523a1d5fed44dc37a5c2b60e")
        (fringe-helper :checksum "ef4a9c023bae18ec1ddd7265f1f2d6d2e775efdd")
        (ghub :checksum "6a5de97649ff3eca9aa20b79f3526b4b3ab86b13")
        (git-gutter :checksum "1451e3149865b88de2402ce4296ee5608fadc5b2")
        (git-gutter-fringe :checksum "648cb5b57faec55711803cdc9434e55a733c3eba")
        (google-this :checksum "8a2e3ca5da6a8c89bfe99a21486c6c7db125dc84")
        (haml-mode :checksum "45a0b23db0b8f827c78f7749457f3427263e6ffd")
        (handlebars-mode :checksum "81f6b73fea8f397807781a1b51568397af21a6ef")
        (ht :checksum "3c1677f1bf2ded2ab07edffb7d17def5d2b5b6f6")
        (hydra :checksum "317e1de33086637579a7aeb60f77ed0405bf359b")
        (hydra-posframe :checksum "94405b5fbec1ae9447c976c3deef41043b9b7de3")
        (inf-ruby :checksum "5a8b87fe6873bc684552cd993e375c382d729753")
        (init-loader :checksum "ecab5a66b40227c4173992adfa5cfeae09f1657e")
        (japanese-holidays :checksum "324b6bf2f55ec050bef49e001caedaabaf4fa35d")
        (js2-mode :checksum "dd7abb28844f745f7520db87695b7aa579cbe683")
        (jump :checksum "55caa66a7cc6e0b1a76143fd40eff38416928941")
        (key-chord :checksum "e222bafe89c4ce33c77e5aed4f0f0b37828656e6")
        (lsp-mode :checksum "81046de2367d56e774cebe458d68d5dd1ec3a330")
        (lsp-ui :checksum "295d8984da06a745b0a36c56e28ce915bc389adb")
        (major-mode-hydra\.el :checksum "84c1929a5153be169ca5c36737439d51dffde505")
        (magit :checksum "5d91aadd05a8d85d7699c00193638dceb7c95166")
        (markdown-mode :checksum "5d98592fe516748034d8baf92d7c0ba045e1f87a")
        (memoize :checksum "51b075935ca7070f62fae1d69fe0ff7d8fa56fdd")
        (migemo :checksum "f756cba3d5268968da361463c2e29b3a659a3de7")
        (multiple-cursors :checksum "6956e8e12ee191d7c80d042ae8ff495286fcbe38")
        (ob-async :checksum "9aac486073f5c356ada20e716571be33a350a982")
        (org-gcal :checksum "a2d16b372e5a5972d8cc343cf999ee5f0ba1eea7")
        (pkg-info :checksum "76ba7415480687d05a4353b27fea2ae02b8d9d61")
        (plantuml-mode :checksum "ea45a13707abd2a70df183f1aec6447197fc9ccc")
        (popup :checksum "71cede0588c10526f88dd0375bce776ec2eed05e")
        (posframe :checksum "3b97dc180b03498103cfcc7f44e64150df440bf0")
        (prescient\.el :checksum "822481e722502081deedbe6b1a9776eda0ca7bfe")
        (projectile :checksum "271007c6611fcb08ddd326d7de9727c2ad5ef265")
        (projectile-rails :checksum "701784df7befe17b861f1b53fe9cbc59d0b94b9f")
        (rake :checksum "452ea0caca33376487103c64177c295ed2960cca")
        (rbenv :checksum "2ea1a5bdc1266caef1dd77700f2c8f42429b03f1")
        (rspec-mode :checksum "2308a16f2131d7705212d85e93dddd4000930500")
        (s :checksum "dda84d38fffdaf0c9b12837b504b402af910d01d")
        (shrink-path :checksum "c14882c8599aec79a6e8ef2d06454254bb3e1e41")
        (spinner :checksum "d4647ae87fb0cd24bc9081a3d287c860ff061c21")
        (swiper :checksum "d28225e86f8dfb3825809ad287f759f95ee9e479")
        (transient :checksum "6ff5c51f26fdc9c2d4fba1a0c5e7f728bb911f8e")
        (treepy :checksum "7c4a0d21322506a4d4b2301b4274ec955b429b47")
        (twittering-mode :checksum "114891e8fdb4f06b1326a6cf795e49c205cf9e29")
        (wakatime-mode :checksum "ef923829912c3854d230834f81083814b7c9d992")
        (with-editor :checksum "df74385b455cd7687232ad189acfea16cb44dd04")
        (yaml-mode :checksum "b153150e0e77b4ec462d741cdb16956c6ae270d6")
        (yascroll :checksum "99f47fa5dd02e75aac2f47e7edec59995a754ca3")
        (yasnippet :checksum "5cbdbf0d2015540c59ed8ee0fcf4788effdf75b6")
        (zoom-window :checksum "093dd7a5d60141812762eba40b021c76ff41f83d")
        (ace-window :checksum "77115afc1b0b9f633084cf7479c767988106c196")
        (pcsv :checksum "4e9b3e151225f224693de1c25b38f22c8b17ed36")
        (google-translate :checksum "e60dd6eeb9cdb931d9d8bfbefc29a48ef9a21bd9")
        (counsel-osx-app :checksum "b1c54cbc033c4939966910d85ce035503079e108")
        (el-get :checksum "22c83206bab10100fdee03cb2d5b97c8c24eff0e")
        (dashboard :checksum "fd7819cc90e5381c3e7788325ef8f1fec3100201")
        (page-break-lines :checksum "79eca86e0634ac68af862e15c8a236c37f446dcd")
        (org-trello :checksum "fc63ed580101e6160edfb6f43215fb3200ce1ea7")
        (undo-fu :checksum "0e22308de8337a9291ddd589edae167d458fbe77")
        (emacs-todoist :checksum "e1d1b602430f7a5bb84f9b52d96fe552def9ed3d")
        (org-mode :checksum "abedf386b3f13af2769728755d00c4698ac5d3b0")))
(setq el-get-lock-locked-packages 'nil)
(setq el-get-lock-unlocked-packages 'nil)
